
Microsoft Visual Studio Solution File, Format Version 12.00
# Visual Studio 15
VisualStudioVersion = 15.0.27703.2042
MinimumVisualStudioVersion = 10.0.40219.1
Project("{FAE04EC0-301F-11D3-BF4B-00C04F79EFBC}") = "SortingBallsKata", "SortingBallsKata\SortingBallsKata.csproj", "{F485A85C-6A09-4621-B489-033A50FC5447}"
EndProject
Project("{FAE04EC0-301F-11D3-BF4B-00C04F79EFBC}") = "SortingBallsTEST", "SortingBallsTEST\SortingBallsTEST.csproj", "{C49D56E6-6009-4F22-921A-056E71BDB3A9}"
EndProject
Global
	GlobalSection(SolutionConfigurationPlatforms) = preSolution
		Debug|Any CPU = Debug|Any CPU
		Release|Any CPU = Release|Any CPU
	EndGlobalSection
	GlobalSection(ProjectConfigurationPlatforms) = postSolution
		{F485A85C-6A09-4621-B489-033A50FC5447}.Debug|Any CPU.ActiveCfg = Debug|Any CPU
		{F485A85C-6A09-4621-B489-033A50FC5447}.Debug|Any CPU.Build.0 = Debug|Any CPU
		{F485A85C-6A09-4621-B489-033A50FC5447}.Release|Any CPU.ActiveCfg = Release|Any CPU
		{F485A85C-6A09-4621-B489-033A50FC5447}.Release|Any CPU.Build.0 = Release|Any CPU
		{C49D56E6-6009-4F22-921A-056E71BDB3A9}.Debug|Any CPU.ActiveCfg = Debug|Any CPU
		{C49D56E6-6009-4F22-921A-056E71BDB3A9}.Debug|Any CPU.Build.0 = Debug|Any CPU
		{C49D56E6-6009-4F22-921A-056E71BDB3A9}.Release|Any CPU.ActiveCfg = Release|Any CPU
		{C49D56E6-6009-4F22-921A-056E71BDB3A9}.Release|Any CPU.Build.0 = Release|Any CPU
	EndGlobalSection
	GlobalSection(SolutionProperties) = preSolution
		HideSolutionNode = FALSE
	EndGlobalSection
	GlobalSection(ExtensibilityGlobals) = postSolution
		SolutionGuid = {975823F6-10E6-46F4-9779-6444E947E3E6}
	EndGlobalSection
EndGlobal
